
Microsoft Visual Studio Solution File, Format Version 12.00
# Visual Studio Version 17
VisualStudioVersion = 17.13.35818.85 d17.13
MinimumVisualStudioVersion = 10.0.40219.1
Project("{FAE04EC0-301F-11D3-BF4B-00C04F79EFBC}") = "ExceptionHandeling", "ExceptionHandeling\ExceptionHandeling.csproj", "{4F52B7C8-F3B2-4563-89D9-89030BAA2214}"
EndProject
Global
	GlobalSection(SolutionConfigurationPlatforms) = preSolution
		Debug|Any CPU = Debug|Any CPU
		Release|Any CPU = Release|Any CPU
	EndGlobalSection
	GlobalSection(ProjectConfigurationPlatforms) = postSolution
		{4F52B7C8-F3B2-4563-89D9-89030BAA2214}.Debug|Any CPU.ActiveCfg = Debug|Any CPU
		{4F52B7C8-F3B2-4563-89D9-89030BAA2214}.Debug|Any CPU.Build.0 = Debug|Any CPU
		{4F52B7C8-F3B2-4563-89D9-89030BAA2214}.Release|Any CPU.ActiveCfg = Release|Any CPU
		{4F52B7C8-F3B2-4563-89D9-89030BAA2214}.Release|Any CPU.Build.0 = Release|Any CPU
	EndGlobalSection
	GlobalSection(SolutionProperties) = preSolution
		HideSolutionNode = FALSE
	EndGlobalSection
	GlobalSection(ExtensibilityGlobals) = postSolution
		SolutionGuid = {62398497-9CA1-4244-982B-5EE1211CEA92}
	EndGlobalSection
EndGlobal
