
Microsoft Visual Studio Solution File, Format Version 12.00
# Visual Studio Version 17
VisualStudioVersion = 17.13.35818.85 d17.13
MinimumVisualStudioVersion = 10.0.40219.1
Project("{FAE04EC0-301F-11D3-BF4B-00C04F79EFBC}") = "StudentsByGrade", "StudentsByGrade\StudentsByGrade.csproj", "{47270045-9283-4067-8DF7-399B6F5FE469}"
EndProject
Global
	GlobalSection(SolutionConfigurationPlatforms) = preSolution
		Debug|Any CPU = Debug|Any CPU
		Release|Any CPU = Release|Any CPU
	EndGlobalSection
	GlobalSection(ProjectConfigurationPlatforms) = postSolution
		{47270045-9283-4067-8DF7-399B6F5FE469}.Debug|Any CPU.ActiveCfg = Debug|Any CPU
		{47270045-9283-4067-8DF7-399B6F5FE469}.Debug|Any CPU.Build.0 = Debug|Any CPU
		{47270045-9283-4067-8DF7-399B6F5FE469}.Release|Any CPU.ActiveCfg = Release|Any CPU
		{47270045-9283-4067-8DF7-399B6F5FE469}.Release|Any CPU.Build.0 = Release|Any CPU
	EndGlobalSection
	GlobalSection(SolutionProperties) = preSolution
		HideSolutionNode = FALSE
	EndGlobalSection
	GlobalSection(ExtensibilityGlobals) = postSolution
		SolutionGuid = {FB6041B5-601B-4C61-B7E0-0C18FB02AE26}
	EndGlobalSection
EndGlobal
