
Microsoft Visual Studio Solution File, Format Version 12.00
# Visual Studio Version 17
VisualStudioVersion = 17.13.35818.85 d17.13
MinimumVisualStudioVersion = 10.0.40219.1
Project("{FAE04EC0-301F-11D3-BF4B-00C04F79EFBC}") = "ResturantOrdering", "ResturantOrdering\ResturantOrdering.csproj", "{E9E3734F-3930-4CC4-B000-AAEB90DF180E}"
EndProject
Global
	GlobalSection(SolutionConfigurationPlatforms) = preSolution
		Debug|Any CPU = Debug|Any CPU
		Release|Any CPU = Release|Any CPU
	EndGlobalSection
	GlobalSection(ProjectConfigurationPlatforms) = postSolution
		{E9E3734F-3930-4CC4-B000-AAEB90DF180E}.Debug|Any CPU.ActiveCfg = Debug|Any CPU
		{E9E3734F-3930-4CC4-B000-AAEB90DF180E}.Debug|Any CPU.Build.0 = Debug|Any CPU
		{E9E3734F-3930-4CC4-B000-AAEB90DF180E}.Release|Any CPU.ActiveCfg = Release|Any CPU
		{E9E3734F-3930-4CC4-B000-AAEB90DF180E}.Release|Any CPU.Build.0 = Release|Any CPU
	EndGlobalSection
	GlobalSection(SolutionProperties) = preSolution
		HideSolutionNode = FALSE
	EndGlobalSection
	GlobalSection(ExtensibilityGlobals) = postSolution
		SolutionGuid = {AD445985-0C9E-499C-A659-6BDD84AAFE42}
	EndGlobalSection
EndGlobal
