
Microsoft Visual Studio Solution File, Format Version 12.00
# Visual Studio Version 17
VisualStudioVersion = 17.13.35818.85 d17.13
MinimumVisualStudioVersion = 10.0.40219.1
Project("{FAE04EC0-301F-11D3-BF4B-00C04F79EFBC}") = "RideFare", "RideFare\RideFare.csproj", "{223C3E11-5900-4805-B81B-57F95D93D53D}"
EndProject
Global
	GlobalSection(SolutionConfigurationPlatforms) = preSolution
		Debug|Any CPU = Debug|Any CPU
		Release|Any CPU = Release|Any CPU
	EndGlobalSection
	GlobalSection(ProjectConfigurationPlatforms) = postSolution
		{223C3E11-5900-4805-B81B-57F95D93D53D}.Debug|Any CPU.ActiveCfg = Debug|Any CPU
		{223C3E11-5900-4805-B81B-57F95D93D53D}.Debug|Any CPU.Build.0 = Debug|Any CPU
		{223C3E11-5900-4805-B81B-57F95D93D53D}.Release|Any CPU.ActiveCfg = Release|Any CPU
		{223C3E11-5900-4805-B81B-57F95D93D53D}.Release|Any CPU.Build.0 = Release|Any CPU
	EndGlobalSection
	GlobalSection(SolutionProperties) = preSolution
		HideSolutionNode = FALSE
	EndGlobalSection
	GlobalSection(ExtensibilityGlobals) = postSolution
		SolutionGuid = {130D4D5C-03CF-4F4E-AB01-90AB0A823CF7}
	EndGlobalSection
EndGlobal
