
Microsoft Visual Studio Solution File, Format Version 12.00
# Visual Studio Version 17
VisualStudioVersion = 17.13.35818.85 d17.13
MinimumVisualStudioVersion = 10.0.40219.1
Project("{FAE04EC0-301F-11D3-BF4B-00C04F79EFBC}") = "VehicleFactory", "VehicleFactory\VehicleFactory.csproj", "{19AEE674-70FB-408E-A865-3371C2ED66F8}"
EndProject
Global
	GlobalSection(SolutionConfigurationPlatforms) = preSolution
		Debug|Any CPU = Debug|Any CPU
		Release|Any CPU = Release|Any CPU
	EndGlobalSection
	GlobalSection(ProjectConfigurationPlatforms) = postSolution
		{19AEE674-70FB-408E-A865-3371C2ED66F8}.Debug|Any CPU.ActiveCfg = Debug|Any CPU
		{19AEE674-70FB-408E-A865-3371C2ED66F8}.Debug|Any CPU.Build.0 = Debug|Any CPU
		{19AEE674-70FB-408E-A865-3371C2ED66F8}.Release|Any CPU.ActiveCfg = Release|Any CPU
		{19AEE674-70FB-408E-A865-3371C2ED66F8}.Release|Any CPU.Build.0 = Release|Any CPU
	EndGlobalSection
	GlobalSection(SolutionProperties) = preSolution
		HideSolutionNode = FALSE
	EndGlobalSection
	GlobalSection(ExtensibilityGlobals) = postSolution
		SolutionGuid = {E045C565-30EA-49C9-82E8-9C4FE4CAF5E9}
	EndGlobalSection
EndGlobal
