
Microsoft Visual Studio Solution File, Format Version 12.00
# Visual Studio Version 17
VisualStudioVersion = 17.13.35818.85 d17.13
MinimumVisualStudioVersion = 10.0.40219.1
Project("{FAE04EC0-301F-11D3-BF4B-00C04F79EFBC}") = "BankLoanIntrest", "BankLoanIntrest\BankLoanIntrest.csproj", "{38126858-A903-45D6-BC22-56D3D072E065}"
EndProject
Global
	GlobalSection(SolutionConfigurationPlatforms) = preSolution
		Debug|Any CPU = Debug|Any CPU
		Release|Any CPU = Release|Any CPU
	EndGlobalSection
	GlobalSection(ProjectConfigurationPlatforms) = postSolution
		{38126858-A903-45D6-BC22-56D3D072E065}.Debug|Any CPU.ActiveCfg = Debug|Any CPU
		{38126858-A903-45D6-BC22-56D3D072E065}.Debug|Any CPU.Build.0 = Debug|Any CPU
		{38126858-A903-45D6-BC22-56D3D072E065}.Release|Any CPU.ActiveCfg = Release|Any CPU
		{38126858-A903-45D6-BC22-56D3D072E065}.Release|Any CPU.Build.0 = Release|Any CPU
	EndGlobalSection
	GlobalSection(SolutionProperties) = preSolution
		HideSolutionNode = FALSE
	EndGlobalSection
	GlobalSection(ExtensibilityGlobals) = postSolution
		SolutionGuid = {365474EB-9A29-4BAD-82F8-EA96B1F9BAC0}
	EndGlobalSection
EndGlobal
