
Microsoft Visual Studio Solution File, Format Version 12.00
# Visual Studio Version 17
VisualStudioVersion = 17.13.35818.85 d17.13
MinimumVisualStudioVersion = 10.0.40219.1
Project("{FAE04EC0-301F-11D3-BF4B-00C04F79EFBC}") = "WordFrequency", "WordFrequency\WordFrequency.csproj", "{84F69336-E85D-47A0-BF48-8DEE12F5DA7E}"
EndProject
Global
	GlobalSection(SolutionConfigurationPlatforms) = preSolution
		Debug|Any CPU = Debug|Any CPU
		Release|Any CPU = Release|Any CPU
	EndGlobalSection
	GlobalSection(ProjectConfigurationPlatforms) = postSolution
		{84F69336-E85D-47A0-BF48-8DEE12F5DA7E}.Debug|Any CPU.ActiveCfg = Debug|Any CPU
		{84F69336-E85D-47A0-BF48-8DEE12F5DA7E}.Debug|Any CPU.Build.0 = Debug|Any CPU
		{84F69336-E85D-47A0-BF48-8DEE12F5DA7E}.Release|Any CPU.ActiveCfg = Release|Any CPU
		{84F69336-E85D-47A0-BF48-8DEE12F5DA7E}.Release|Any CPU.Build.0 = Release|Any CPU
	EndGlobalSection
	GlobalSection(SolutionProperties) = preSolution
		HideSolutionNode = FALSE
	EndGlobalSection
	GlobalSection(ExtensibilityGlobals) = postSolution
		SolutionGuid = {89263095-D6C9-4405-B3F1-1AEE025E2570}
	EndGlobalSection
EndGlobal
